{
  "requires": true,
  "lockfileVersion": 1,
  "dependencies": {
    "bootstrap": {
      "version": "5.0.0-beta2",
      "resolved": "https://registry.npmjs.org/bootstrap/-/bootstrap-5.0.0-beta2.tgz",
      "integrity": "sha512-e+uPbPHqTQWKyCX435uVlOmgH9tUt0xtjvyOC7knhKgOS643BrQKuTo+KecGpPV7qlmOyZgCfaM4xxPWtDEN/g=="
    },
    "bootstrap-icons": {
      "version": "1.3.0",
      "resolved": "https://registry.npmjs.org/bootstrap-icons/-/bootstrap-icons-1.3.0.tgz",
      "integrity": "sha512-w6zQ93p626zmPDqDtET7VdB9EkoDtfmCBV53hunjntoCke6X5LafXf6TxPAP+ImjRAhhxAyA/sjzQnHBY0uoiQ=="
    },
    "mdb-ui-kit": {
      "version": "4.3.0",
      "resolved": "https://registry.npmjs.org/mdb-ui-kit/-/mdb-ui-kit-4.3.0.tgz",
      "integrity": "sha512-XRc6EJbdm6J0YhJwkSQg8a30zIEkOQMvNOs1AVBcT3P2dA6XejQYHigmZPzcKL3N0Gb84KEwCyxqzu4hQfmJOQ=="
    }
  }
}
